{
  "name": "mcp-commander-core",
  "version": "0.1.0",
  "lockfileVersion": 3,
  "requires": true,
  "packages": {
    "": {
      "name": "mcp-commander-core",
      "version": "0.1.0",
      "bin": {
        "mcp-commander-core": "src/cli.js"
      },
      "engines": {
        "node": ">=18"
      }
    }
  }
}
